
Microsoft Visual Studio Solution File, Format Version 12.00
# Visual Studio Version 17
VisualStudioVersion = 17.2.32616.157
MinimumVisualStudioVersion = 10.0.40219.1
Project("{FAE04EC0-301F-11D3-BF4B-00C04F79EFBC}") = "NBT-Launcher", "bruh\NBT-Launcher.csproj", "{E3C289BE-52DD-4D2E-9AE6-2CB8C07CF76C}"
EndProject
Global
	GlobalSection(SolutionConfigurationPlatforms) = preSolution
		Debug|Any CPU = Debug|Any CPU
		Release|Any CPU = Release|Any CPU
	EndGlobalSection
	GlobalSection(ProjectConfigurationPlatforms) = postSolution
		{E3C289BE-52DD-4D2E-9AE6-2CB8C07CF76C}.Debug|Any CPU.ActiveCfg = Release|Any CPU
		{E3C289BE-52DD-4D2E-9AE6-2CB8C07CF76C}.Debug|Any CPU.Build.0 = Release|Any CPU
		{E3C289BE-52DD-4D2E-9AE6-2CB8C07CF76C}.Release|Any CPU.ActiveCfg = Release|Any CPU
		{E3C289BE-52DD-4D2E-9AE6-2CB8C07CF76C}.Release|Any CPU.Build.0 = Release|Any CPU
	EndGlobalSection
	GlobalSection(SolutionProperties) = preSolution
		HideSolutionNode = FALSE
	EndGlobalSection
	GlobalSection(ExtensibilityGlobals) = postSolution
		SolutionGuid = {C5FB3EF7-6811-4329-9A27-E411D4EA1F6D}
	EndGlobalSection
EndGlobal
